
Microsoft Visual Studio Solution File, Format Version 11.00
# Visual Studio 2010
Project("{FAE04EC0-301F-11D3-BF4B-00C04F79EFBC}") = "DynamicCodeGeneration", "DynamicCodeGeneration\DynamicCodeGeneration.csproj", "{1F2C2F64-EC90-447F-A874-55EF7C5796D7}"
EndProject
Project("{FAE04EC0-301F-11D3-BF4B-00C04F79EFBC}") = "DynamicCodeGeneration.Tests", "DynamicCodeGeneration.Tests\DynamicCodeGeneration.Tests.csproj", "{56961A49-8A50-4F74-88A5-D786F0C930A6}"
EndProject
Project("{FAE04EC0-301F-11D3-BF4B-00C04F79EFBC}") = "DynamicCodeGeneration.Debugging", "DynamicCodeGeneration.Debugging\DynamicCodeGeneration.Debugging.csproj", "{B3339C49-B9F9-4866-B5A2-19D2AC59DDC6}"
EndProject
Global
	GlobalSection(SolutionConfigurationPlatforms) = preSolution
		Debug|Any CPU = Debug|Any CPU
		Debug|Mixed Platforms = Debug|Mixed Platforms
		Debug|x86 = Debug|x86
		Release|Any CPU = Release|Any CPU
		Release|Mixed Platforms = Release|Mixed Platforms
		Release|x86 = Release|x86
	EndGlobalSection
	GlobalSection(ProjectConfigurationPlatforms) = postSolution
		{1F2C2F64-EC90-447F-A874-55EF7C5796D7}.Debug|Any CPU.ActiveCfg = Debug|Any CPU
		{1F2C2F64-EC90-447F-A874-55EF7C5796D7}.Debug|Any CPU.Build.0 = Debug|Any CPU
		{1F2C2F64-EC90-447F-A874-55EF7C5796D7}.Debug|Mixed Platforms.ActiveCfg = Debug|Any CPU
		{1F2C2F64-EC90-447F-A874-55EF7C5796D7}.Debug|Mixed Platforms.Build.0 = Debug|Any CPU
		{1F2C2F64-EC90-447F-A874-55EF7C5796D7}.Debug|x86.ActiveCfg = Debug|x86
		{1F2C2F64-EC90-447F-A874-55EF7C5796D7}.Debug|x86.Build.0 = Debug|x86
		{1F2C2F64-EC90-447F-A874-55EF7C5796D7}.Release|Any CPU.ActiveCfg = Release|Any CPU
		{1F2C2F64-EC90-447F-A874-55EF7C5796D7}.Release|Any CPU.Build.0 = Release|Any CPU
		{1F2C2F64-EC90-447F-A874-55EF7C5796D7}.Release|Mixed Platforms.ActiveCfg = Release|Any CPU
		{1F2C2F64-EC90-447F-A874-55EF7C5796D7}.Release|Mixed Platforms.Build.0 = Release|Any CPU
		{1F2C2F64-EC90-447F-A874-55EF7C5796D7}.Release|x86.ActiveCfg = Release|Any CPU
		{56961A49-8A50-4F74-88A5-D786F0C930A6}.Debug|Any CPU.ActiveCfg = Debug|Any CPU
		{56961A49-8A50-4F74-88A5-D786F0C930A6}.Debug|Any CPU.Build.0 = Debug|Any CPU
		{56961A49-8A50-4F74-88A5-D786F0C930A6}.Debug|Mixed Platforms.ActiveCfg = Debug|Any CPU
		{56961A49-8A50-4F74-88A5-D786F0C930A6}.Debug|Mixed Platforms.Build.0 = Debug|Any CPU
		{56961A49-8A50-4F74-88A5-D786F0C930A6}.Debug|x86.ActiveCfg = Debug|x86
		{56961A49-8A50-4F74-88A5-D786F0C930A6}.Debug|x86.Build.0 = Debug|x86
		{56961A49-8A50-4F74-88A5-D786F0C930A6}.Release|Any CPU.ActiveCfg = Release|Any CPU
		{56961A49-8A50-4F74-88A5-D786F0C930A6}.Release|Any CPU.Build.0 = Release|Any CPU
		{56961A49-8A50-4F74-88A5-D786F0C930A6}.Release|Mixed Platforms.ActiveCfg = Release|Any CPU
		{56961A49-8A50-4F74-88A5-D786F0C930A6}.Release|Mixed Platforms.Build.0 = Release|Any CPU
		{56961A49-8A50-4F74-88A5-D786F0C930A6}.Release|x86.ActiveCfg = Release|Any CPU
		{B3339C49-B9F9-4866-B5A2-19D2AC59DDC6}.Debug|Any CPU.ActiveCfg = Debug|x86
		{B3339C49-B9F9-4866-B5A2-19D2AC59DDC6}.Debug|Mixed Platforms.ActiveCfg = Debug|x86
		{B3339C49-B9F9-4866-B5A2-19D2AC59DDC6}.Debug|Mixed Platforms.Build.0 = Debug|x86
		{B3339C49-B9F9-4866-B5A2-19D2AC59DDC6}.Debug|x86.ActiveCfg = Debug|x86
		{B3339C49-B9F9-4866-B5A2-19D2AC59DDC6}.Debug|x86.Build.0 = Debug|x86
		{B3339C49-B9F9-4866-B5A2-19D2AC59DDC6}.Release|Any CPU.ActiveCfg = Release|x86
		{B3339C49-B9F9-4866-B5A2-19D2AC59DDC6}.Release|Mixed Platforms.ActiveCfg = Release|x86
		{B3339C49-B9F9-4866-B5A2-19D2AC59DDC6}.Release|Mixed Platforms.Build.0 = Release|x86
		{B3339C49-B9F9-4866-B5A2-19D2AC59DDC6}.Release|x86.ActiveCfg = Release|x86
		{B3339C49-B9F9-4866-B5A2-19D2AC59DDC6}.Release|x86.Build.0 = Release|x86
	EndGlobalSection
	GlobalSection(SolutionProperties) = preSolution
		HideSolutionNode = FALSE
	EndGlobalSection
EndGlobal
